{
  "format_version": "1.2",
  "terraform_version": "1.8.2",
  "planned_values": {
    "root_module": {
      "resources": [
        {
          "address": "aws_dynamodb_resource_policy.attach_to_qa_config",
          "mode": "managed",
          "type": "aws_dynamodb_resource_policy",
          "name": "attach_to_qa_config",
          "provider_name": "registry.terraform.io/hashicorp/aws",
          "schema_version": 0,
          "values": {
            "confirm_remove_self_resource_access": false,
            "policy": "{\n  \"Version\": \"2012-10-17\",\n  \"Statement\": [\n    {\n      \"Effect\": \"Allow\",\n      \"Action\": \"dynamodb:*\",\n      \"Principal\": {\n        \"Service\": \"lambda.amazonaws.com\"\n      },\n      \"Condition\": {\n        \"StringEquals\": {\n          \"aws:SourceOrgID\": \"o-xxxxx0xxxx\"\n        }\n      }\n    },\n    {\n      \"Effect\": \"Allow\",\n      \"Action\": \"dynamodb:*\",\n      \"Principal\": {\n        \"AWS\": \"arn:aws:iam::111111111111:root\"\n      },\n      \"Condition\": {\n        \"StringEquals\": {\n          \"aws:PrincipalOrgID\": \"o-xxxxx0xxxx\"\n        }\n      }\n    }\n  ]\n}",
            "region": "ca-central-1",
            "resource_arn": "arn:aws:dynamodb:ca-central-1:111111111111:table/canada-staging.qa.config"
          },
          "sensitive_values": {

          }
        },
        {
          "address": "aws_dynamodb_resource_policy.attach_to_qaattributes",
          "mode": "managed",
          "type": "aws_dynamodb_resource_policy",
          "name": "attach_to_qaattributes",
          "provider_name": "registry.terraform.io/hashicorp/aws",
          "schema_version": 0,
          "values": {
            "confirm_remove_self_resource_access": false,
            "policy": "{\n  \"Version\": \"2012-10-17\",\n  \"Statement\": [\n    {\n      \"Effect\": \"Allow\",\n      \"Action\": \"dynamodb:*\",\n      \"Principal\": {\n        \"Service\": \"lambda.amazonaws.com\"\n      },\n      \"Condition\": {\n        \"StringEquals\": {\n          \"aws:SourceOrgID\": \"o-xxxxx0xxxx\"\n        }\n      }\n    },\n    {\n      \"Effect\": \"Allow\",\n      \"Action\": \"dynamodb:*\",\n      \"Principal\": {\n        \"AWS\": \"arn:aws:iam::111111111111:root\"\n      },\n      \"Condition\": {\n        \"StringEquals\": {\n          \"aws:PrincipalOrgID\": \"o-xxxxx0xxxx\"\n        }\n      }\n    }\n  ]\n}",
            "region": "ca-central-1",
            "resource_arn": "arn:aws:dynamodb:ca-central-1:111111111111:table/canada-staging.qa.attributes"
          },
          "sensitive_values": {

          }
        },
        {
          "address": "aws_dynamodb_resource_policy.attach_to_qatags",
          "mode": "managed",
          "type": "aws_dynamodb_resource_policy",
          "name": "attach_to_qatags",
          "provider_name": "registry.terraform.io/hashicorp/aws",
          "schema_version": 0,
          "values": {
            "confirm_remove_self_resource_access": false,
            "policy": "{\n  \"Version\": \"2012-10-17\",\n  \"Statement\": [\n    {\n      \"Effect\": \"Allow\",\n      \"Action\": \"dynamodb:*\",\n      \"Principal\": {\n        \"Service\": \"lambda.amazonaws.com\"\n      },\n      \"Condition\": {\n        \"StringEquals\": {\n          \"aws:SourceOrgID\": \"o-xxxxx0xxxx\"\n        }\n      }\n    },\n    {\n      \"Effect\": \"Allow\",\n      \"Action\": \"dynamodb:*\",\n      \"Principal\": {\n        \"AWS\": \"arn:aws:iam::111111111111:root\"\n      },\n      \"Condition\": {\n        \"StringEquals\": {\n          \"aws:PrincipalOrgID\": \"o-xxxxx0xxxx\"\n        }\n      }\n    }\n  ]\n}",
            "region": "ca-central-1",
            "resource_arn": "arn:aws:dynamodb:ca-central-1:111111111111:table/canada-staging.qa.tags"
          },
          "sensitive_values": {

          }
        }
      ],
      "child_modules": [
        {
          "resources": [
            {
              "address": "module.QaAttributes.aws_dynamodb_table.DynamodbTableWithoutRangeKey",
              "mode": "managed",
              "type": "aws_dynamodb_table",
              "name": "DynamodbTableWithoutRangeKey",
              "provider_name": "registry.terraform.io/hashicorp/aws",
              "schema_version": 1,
              "values": {
                "arn": "arn:aws:dynamodb:ca-central-1:111111111111:table/canada-staging.qa.attributes",
                "attribute": [
                  {
                    "name": "instance-id",
                    "type": "S"
                  }
                ],
                "billing_mode": "PROVISIONED",
                "deletion_protection_enabled": false,
                "global_secondary_index": [],
                "hash_key": "instance-id",
                "id": "canada-staging.qa.attributes",
                "import_table": [],
                "local_secondary_index": [],
                "name": "canada-staging.qa.attributes",
                "on_demand_throughput": [],
                "point_in_time_recovery": [
                  {
                    "enabled": true,
                    "recovery_period_in_days": 35
                  }
                ],
                "range_key": null,
                "read_capacity": 10,
                "region": "ca-central-1",
                "replica": [],
                "restore_date_time": null,
                "restore_source_name": null,
                "restore_source_table_arn": null,
                "restore_to_latest_time": null,
                "server_side_encryption": [
                  {
                    "enabled": true,
                    "kms_key_arn": "arn:aws:kms:ca-central-1:111111111111:key/xxxxxxxx-xxxx-xxxx-xxxx-xxxxxxxxxxxx"
                  }
                ],
                "stream_arn": "",
                "stream_enabled": false,
                "stream_label": "",
                "stream_view_type": "",
                "table_class": "STANDARD",
                "tags": {
                  "Environment": "Stag",
                  "GL-purpose": "cccccccc-qa",
                  "GL-sub-purpose": "Storage",
                  "InfrastructureProvider": "Terraform",
                  "Name": "canada-staging.qa.attributes",
                  "Role": "cccccccc-qa",
                  "functional_area": "Cloud Platform"
                },
                "tags_all": {
                  "Environment": "Stag",
                  "GL-purpose": "cccccccc-qa",
                  "GL-sub-purpose": "Storage",
                  "InfrastructureProvider": "Terraform",
                  "Name": "canada-staging.qa.attributes",
                  "Role": "cccccccc-qa",
                  "functional_area": "Cloud Platform"
                },
                "timeouts": null,
                "ttl": [
                  {
                    "attribute_name": "",
                    "enabled": false
                  }
                ],
                "warm_throughput": [],
                "write_capacity": 10
              },
              "sensitive_values": {
                "attribute": [
                  {

                  }
                ],
                "global_secondary_index": [],
                "import_table": [],
                "local_secondary_index": [],
                "on_demand_throughput": [],
                "point_in_time_recovery": [
                  {

                  }
                ],
                "replica": [],
                "server_side_encryption": [
                  {

                  }
                ],
                "tags": {

                },
                "tags_all": {

                },
                "ttl": [
                  {

                  }
                ],
                "warm_throughput": []
              }
            }
          ],
          "address": "module.QaAttributes"
        },
        {
          "resources": [
            {
              "address": "module.QaPermissionConfig.aws_dynamodb_table.DynamodbTableWithoutRangeKey",
              "mode": "managed",
              "type": "aws_dynamodb_table",
              "name": "DynamodbTableWithoutRangeKey",
              "provider_name": "registry.terraform.io/hashicorp/aws",
              "schema_version": 1,
              "values": {
                "arn": "arn:aws:dynamodb:ca-central-1:111111111111:table/canada-staging.qa.permission.config",
                "attribute": [
                  {
                    "name": "useCase",
                    "type": "S"
                  }
                ],
                "billing_mode": "PROVISIONED",
                "deletion_protection_enabled": false,
                "global_secondary_index": [],
                "hash_key": "useCase",
                "id": "canada-staging.qa.permission.config",
                "import_table": [],
                "local_secondary_index": [],
                "name": "canada-staging.qa.permission.config",
                "on_demand_throughput": [],
                "point_in_time_recovery": [
                  {
                    "enabled": false,
                    "recovery_period_in_days": 0
                  }
                ],
                "range_key": null,
                "read_capacity": 10,
                "region": "ca-central-1",
                "replica": [],
                "restore_date_time": null,
                "restore_source_name": null,
                "restore_source_table_arn": null,
                "restore_to_latest_time": null,
                "server_side_encryption": [
                  {
                    "enabled": true,
                    "kms_key_arn": "arn:aws:kms:ca-central-1:111111111111:key/xxxxxxxx-xxxx-xxxx-xxxx-xxxxxxxxxxxx"
                  }
                ],
                "stream_arn": "",
                "stream_enabled": false,
                "stream_label": "",
                "stream_view_type": "",
                "table_class": "STANDARD",
                "tags": {
                  "Environment": "Stag",
                  "GL-purpose": "cccccccc-qa",
                  "GL-sub-purpose": "Storage",
                  "InfrastructureProvider": "Terraform",
                  "Name": "canada-staging.qa.permission.config",
                  "Role": "cccccccc-qa",
                  "functional_area": "Cloud Platform"
                },
                "tags_all": {
                  "Environment": "Stag",
                  "GL-purpose": "cccccccc-qa",
                  "GL-sub-purpose": "Storage",
                  "InfrastructureProvider": "Terraform",
                  "Name": "canada-staging.qa.permission.config",
                  "Role": "cccccccc-qa",
                  "functional_area": "Cloud Platform"
                },
                "timeouts": null,
                "ttl": [
                  {
                    "attribute_name": "",
                    "enabled": false
                  }
                ],
                "warm_throughput": [],
                "write_capacity": 10
              },
              "sensitive_values": {
                "attribute": [
                  {

                  }
                ],
                "global_secondary_index": [],
                "import_table": [],
                "local_secondary_index": [],
                "on_demand_throughput": [],
                "point_in_time_recovery": [
                  {

                  }
                ],
                "replica": [],
                "server_side_encryption": [
                  {

                  }
                ],
                "tags": {

                },
                "tags_all": {

                },
                "ttl": [
                  {

                  }
                ],
                "warm_throughput": []
              }
            }
          ],
          "address": "module.QaPermissionConfig"
        },
        {
          "resources": [
            {
              "address": "module.QaTags.aws_dynamodb_table.DynamodbTableWithoutRangeKey",
              "mode": "managed",
              "type": "aws_dynamodb_table",
              "name": "DynamodbTableWithoutRangeKey",
              "provider_name": "registry.terraform.io/hashicorp/aws",
              "schema_version": 1,
              "values": {
                "arn": "arn:aws:dynamodb:ca-central-1:111111111111:table/canada-staging.qa.tags",
                "attribute": [
                  {
                    "name": "stack-name",
                    "type": "S"
                  }
                ],
                "billing_mode": "PROVISIONED",
                "deletion_protection_enabled": false,
                "global_secondary_index": [],
                "hash_key": "stack-name",
                "id": "canada-staging.qa.tags",
                "import_table": [],
                "local_secondary_index": [],
                "name": "canada-staging.qa.tags",
                "on_demand_throughput": [],
                "point_in_time_recovery": [
                  {
                    "enabled": false,
                    "recovery_period_in_days": 0
                  }
                ],
                "range_key": null,
                "read_capacity": 10,
                "region": "ca-central-1",
                "replica": [],
                "restore_date_time": null,
                "restore_source_name": null,
                "restore_source_table_arn": null,
                "restore_to_latest_time": null,
                "server_side_encryption": [
                  {
                    "enabled": true,
                    "kms_key_arn": "arn:aws:kms:ca-central-1:111111111111:key/xxxxxxxx-xxxx-xxxx-xxxx-xxxxxxxxxxxx"
                  }
                ],
                "stream_arn": "",
                "stream_enabled": false,
                "stream_label": "",
                "stream_view_type": "",
                "table_class": "STANDARD",
                "tags": {
                  "Environment": "Stag",
                  "GL-purpose": "cccccccc-qa",
                  "GL-sub-purpose": "Storage",
                  "InfrastructureProvider": "Terraform",
                  "Name": "canada-staging.qa.tags",
                  "Role": "cccccccc-qa",
                  "functional_area": "Cloud Platform"
                },
                "tags_all": {
                  "Environment": "Stag",
                  "GL-purpose": "cccccccc-qa",
                  "GL-sub-purpose": "Storage",
                  "InfrastructureProvider": "Terraform",
                  "Name": "canada-staging.qa.tags",
                  "Role": "cccccccc-qa",
                  "functional_area": "Cloud Platform"
                },
                "timeouts": null,
                "ttl": [
                  {
                    "attribute_name": "",
                    "enabled": false
                  }
                ],
                "warm_throughput": [],
                "write_capacity": 10
              },
              "sensitive_values": {
                "attribute": [
                  {

                  }
                ],
                "global_secondary_index": [],
                "import_table": [],
                "local_secondary_index": [],
                "on_demand_throughput": [],
                "point_in_time_recovery": [
                  {

                  }
                ],
                "replica": [],
                "server_side_encryption": [
                  {

                  }
                ],
                "tags": {

                },
                "tags_all": {

                },
                "ttl": [
                  {

                  }
                ],
                "warm_throughput": []
              }
            }
          ],
          "address": "module.QaTags"
        },
        {
          "resources": [
            {
              "address": "module.qa_config.aws_dynamodb_table.this",
              "mode": "managed",
              "type": "aws_dynamodb_table",
              "name": "this",
              "provider_name": "registry.terraform.io/hashicorp/aws",
              "schema_version": 1,
              "values": {
                "arn": "arn:aws:dynamodb:ca-central-1:111111111111:table/canada-staging.qa.config",
                "attribute": [
                  {
                    "name": "PK",
                    "type": "S"
                  },
                  {
                    "name": "SK",
                    "type": "S"
                  }
                ],
                "billing_mode": "PROVISIONED",
                "deletion_protection_enabled": false,
                "global_secondary_index": [
                  {
                    "hash_key": "SK",
                    "name": "SwappedHashKeyRangeKeyIndex",
                    "non_key_attributes": [],
                    "on_demand_throughput": [],
                    "projection_type": "ALL",
                    "range_key": "PK",
                    "read_capacity": 5,
                    "warm_throughput": [],
                    "write_capacity": 1
                  }
                ],
                "hash_key": "PK",
                "id": "canada-staging.qa.config",
                "import_table": [],
                "local_secondary_index": [],
                "name": "canada-staging.qa.config",
                "on_demand_throughput": [],
                "point_in_time_recovery": [
                  {
                    "enabled": false,
                    "recovery_period_in_days": 0
                  }
                ],
                "range_key": "SK",
                "read_capacity": 1,
                "region": "ca-central-1",
                "replica": [],
                "restore_date_time": null,
                "restore_source_name": null,
                "restore_source_table_arn": null,
                "restore_to_latest_time": null,
                "server_side_encryption": [
                  {
                    "enabled": true,
                    "kms_key_arn": "arn:aws:kms:ca-central-1:111111111111:key/xxxxxxxx-xxxx-xxxx-xxxx-xxxxxxxxxxxx"
                  }
                ],
                "stream_arn": "",
                "stream_enabled": false,
                "stream_label": "",
                "stream_view_type": "",
                "table_class": "STANDARD",
                "tags": {
                  "Environment": "Stag",
                  "GL-purpose": "Canada",
                  "Name": "canada-staging.qa.config",
                  "Role": "cccccccc-qa",
                  "Stage": "canada-staging",
                  "functional_area": "Cloud Platform"
                },
                "tags_all": {
                  "Environment": "Stag",
                  "GL-purpose": "Canada",
                  "Name": "canada-staging.qa.config",
                  "Role": "cccccccc-qa",
                  "Stage": "canada-staging",
                  "functional_area": "Cloud Platform"
                },
                "timeouts": null,
                "ttl": [
                  {
                    "attribute_name": "",
                    "enabled": false
                  }
                ],
                "warm_throughput": [],
                "write_capacity": 1
              },
              "sensitive_values": {
                "attribute": [
                  {

                  },
                  {

                  }
                ],
                "global_secondary_index": [
                  {
                    "non_key_attributes": [],
                    "on_demand_throughput": [],
                    "warm_throughput": []
                  }
                ],
                "import_table": [],
                "local_secondary_index": [],
                "on_demand_throughput": [],
                "point_in_time_recovery": [
                  {

                  }
                ],
                "replica": [],
                "server_side_encryption": [
                  {

                  }
                ],
                "tags": {

                },
                "tags_all": {

                },
                "ttl": [
                  {

                  }
                ],
                "warm_throughput": []
              }
            }
          ],
          "address": "module.qa_config"
        }
      ]
    }
  },
  "resource_changes": [
    {
      "address": "aws_dynamodb_resource_policy.attach_to_qa_config",
      "mode": "managed",
      "type": "aws_dynamodb_resource_policy",
      "name": "attach_to_qa_config",
      "provider_name": "registry.terraform.io/hashicorp/aws",
      "change": {
        "actions": [
          "create"
        ],
        "before": null,
        "after": {
          "confirm_remove_self_resource_access": false,
          "policy": "{\n  \"Version\": \"2012-10-17\",\n  \"Statement\": [\n    {\n      \"Effect\": \"Allow\",\n      \"Action\": \"dynamodb:*\",\n      \"Principal\": {\n        \"Service\": \"lambda.amazonaws.com\"\n      },\n      \"Condition\": {\n        \"StringEquals\": {\n          \"aws:SourceOrgID\": \"o-xxxxx0xxxx\"\n        }\n      }\n    },\n    {\n      \"Effect\": \"Allow\",\n      \"Action\": \"dynamodb:*\",\n      \"Principal\": {\n        \"AWS\": \"arn:aws:iam::111111111111:root\"\n      },\n      \"Condition\": {\n        \"StringEquals\": {\n          \"aws:PrincipalOrgID\": \"o-xxxxx0xxxx\"\n        }\n      }\n    }\n  ]\n}",
          "region": "ca-central-1",
          "resource_arn": "arn:aws:dynamodb:ca-central-1:111111111111:table/canada-staging.qa.config"
        },
        "after_unknown": {
          "id": true,
          "revision_id": true
        },
        "before_sensitive": false,
        "after_sensitive": {

        }
      }
    },
    {
      "address": "aws_dynamodb_resource_policy.attach_to_qaattributes",
      "mode": "managed",
      "type": "aws_dynamodb_resource_policy",
      "name": "attach_to_qaattributes",
      "provider_name": "registry.terraform.io/hashicorp/aws",
      "change": {
        "actions": [
          "create"
        ],
        "before": null,
        "after": {
          "confirm_remove_self_resource_access": false,
          "policy": "{\n  \"Version\": \"2012-10-17\",\n  \"Statement\": [\n    {\n      \"Effect\": \"Allow\",\n      \"Action\": \"dynamodb:*\",\n      \"Principal\": {\n        \"Service\": \"lambda.amazonaws.com\"\n      },\n      \"Condition\": {\n        \"StringEquals\": {\n          \"aws:SourceOrgID\": \"o-xxxxx0xxxx\"\n        }\n      }\n    },\n    {\n      \"Effect\": \"Allow\",\n      \"Action\": \"dynamodb:*\",\n      \"Principal\": {\n        \"AWS\": \"arn:aws:iam::111111111111:root\"\n      },\n      \"Condition\": {\n        \"StringEquals\": {\n          \"aws:PrincipalOrgID\": \"o-xxxxx0xxxx\"\n        }\n      }\n    }\n  ]\n}",
          "region": "ca-central-1",
          "resource_arn": "arn:aws:dynamodb:ca-central-1:111111111111:table/canada-staging.qa.attributes"
        },
        "after_unknown": {
          "id": true,
          "revision_id": true
        },
        "before_sensitive": false,
        "after_sensitive": {

        }
      }
    },
    {
      "address": "aws_dynamodb_resource_policy.attach_to_qatags",
      "mode": "managed",
      "type": "aws_dynamodb_resource_policy",
      "name": "attach_to_qatags",
      "provider_name": "registry.terraform.io/hashicorp/aws",
      "change": {
        "actions": [
          "create"
        ],
        "before": null,
        "after": {
          "confirm_remove_self_resource_access": false,
          "policy": "{\n  \"Version\": \"2012-10-17\",\n  \"Statement\": [\n    {\n      \"Effect\": \"Allow\",\n      \"Action\": \"dynamodb:*\",\n      \"Principal\": {\n        \"Service\": \"lambda.amazonaws.com\"\n      },\n      \"Condition\": {\n        \"StringEquals\": {\n          \"aws:SourceOrgID\": \"o-xxxxx0xxxx\"\n        }\n      }\n    },\n    {\n      \"Effect\": \"Allow\",\n      \"Action\": \"dynamodb:*\",\n      \"Principal\": {\n        \"AWS\": \"arn:aws:iam::111111111111:root\"\n      },\n      \"Condition\": {\n        \"StringEquals\": {\n          \"aws:PrincipalOrgID\": \"o-xxxxx0xxxx\"\n        }\n      }\n    }\n  ]\n}",
          "region": "ca-central-1",
          "resource_arn": "arn:aws:dynamodb:ca-central-1:111111111111:table/canada-staging.qa.tags"
        },
        "after_unknown": {
          "id": true,
          "revision_id": true
        },
        "before_sensitive": false,
        "after_sensitive": {

        }
      }
    },
    {
      "address": "module.QaAttributes.aws_dynamodb_table.DynamodbTableWithoutRangeKey",
      "module_address": "module.QaAttributes",
      "mode": "managed",
      "type": "aws_dynamodb_table",
      "name": "DynamodbTableWithoutRangeKey",
      "provider_name": "registry.terraform.io/hashicorp/aws",
      "change": {
        "actions": [
          "no-op"
        ],
        "before": {
          "arn": "arn:aws:dynamodb:ca-central-1:111111111111:table/canada-staging.qa.attributes",
          "attribute": [
            {
              "name": "instance-id",
              "type": "S"
            }
          ],
          "billing_mode": "PROVISIONED",
          "deletion_protection_enabled": false,
          "global_secondary_index": [],
          "hash_key": "instance-id",
          "id": "canada-staging.qa.attributes",
          "import_table": [],
          "local_secondary_index": [],
          "name": "canada-staging.qa.attributes",
          "on_demand_throughput": [],
          "point_in_time_recovery": [
            {
              "enabled": true,
              "recovery_period_in_days": 35
            }
          ],
          "range_key": null,
          "read_capacity": 10,
          "region": "ca-central-1",
          "replica": [],
          "restore_date_time": null,
          "restore_source_name": null,
          "restore_source_table_arn": null,
          "restore_to_latest_time": null,
          "server_side_encryption": [
            {
              "enabled": true,
              "kms_key_arn": "arn:aws:kms:ca-central-1:111111111111:key/xxxxxxxx-xxxx-xxxx-xxxx-xxxxxxxxxxxx"
            }
          ],
          "stream_arn": "",
          "stream_enabled": false,
          "stream_label": "",
          "stream_view_type": "",
          "table_class": "STANDARD",
          "tags": {
            "Environment": "Stag",
            "GL-purpose": "cccccccc-qa",
            "GL-sub-purpose": "Storage",
            "InfrastructureProvider": "Terraform",
            "Name": "canada-staging.qa.attributes",
            "Role": "cccccccc-qa",
            "functional_area": "Cloud Platform"
          },
          "tags_all": {
            "Environment": "Stag",
            "GL-purpose": "cccccccc-qa",
            "GL-sub-purpose": "Storage",
            "InfrastructureProvider": "Terraform",
            "Name": "canada-staging.qa.attributes",
            "Role": "cccccccc-qa",
            "functional_area": "Cloud Platform"
          },
          "timeouts": null,
          "ttl": [
            {
              "attribute_name": "",
              "enabled": false
            }
          ],
          "warm_throughput": [],
          "write_capacity": 10
        },
        "after": {
          "arn": "arn:aws:dynamodb:ca-central-1:111111111111:table/canada-staging.qa.attributes",
          "attribute": [
            {
              "name": "instance-id",
              "type": "S"
            }
          ],
          "billing_mode": "PROVISIONED",
          "deletion_protection_enabled": false,
          "global_secondary_index": [],
          "hash_key": "instance-id",
          "id": "canada-staging.qa.attributes",
          "import_table": [],
          "local_secondary_index": [],
          "name": "canada-staging.qa.attributes",
          "on_demand_throughput": [],
          "point_in_time_recovery": [
            {
              "enabled": true,
              "recovery_period_in_days": 35
            }
          ],
          "range_key": null,
          "read_capacity": 10,
          "region": "ca-central-1",
          "replica": [],
          "restore_date_time": null,
          "restore_source_name": null,
          "restore_source_table_arn": null,
          "restore_to_latest_time": null,
          "server_side_encryption": [
            {
              "enabled": true,
              "kms_key_arn": "arn:aws:kms:ca-central-1:111111111111:key/xxxxxxxx-xxxx-xxxx-xxxx-xxxxxxxxxxxx"
            }
          ],
          "stream_arn": "",
          "stream_enabled": false,
          "stream_label": "",
          "stream_view_type": "",
          "table_class": "STANDARD",
          "tags": {
            "Environment": "Stag",
            "GL-purpose": "cccccccc-qa",
            "GL-sub-purpose": "Storage",
            "InfrastructureProvider": "Terraform",
            "Name": "canada-staging.qa.attributes",
            "Role": "cccccccc-qa",
            "functional_area": "Cloud Platform"
          },
          "tags_all": {
            "Environment": "Stag",
            "GL-purpose": "cccccccc-qa",
            "GL-sub-purpose": "Storage",
            "InfrastructureProvider": "Terraform",
            "Name": "canada-staging.qa.attributes",
            "Role": "cccccccc-qa",
            "functional_area": "Cloud Platform"
          },
          "timeouts": null,
          "ttl": [
            {
              "attribute_name": "",
              "enabled": false
            }
          ],
          "warm_throughput": [],
          "write_capacity": 10
        },
        "after_unknown": {

        },
        "before_sensitive": {
          "attribute": [
            {

            }
          ],
          "global_secondary_index": [],
          "import_table": [],
          "local_secondary_index": [],
          "on_demand_throughput": [],
          "point_in_time_recovery": [
            {

            }
          ],
          "replica": [],
          "server_side_encryption": [
            {

            }
          ],
          "tags": {

          },
          "tags_all": {

          },
          "ttl": [
            {

            }
          ],
          "warm_throughput": []
        },
        "after_sensitive": {
          "attribute": [
            {

            }
          ],
          "global_secondary_index": [],
          "import_table": [],
          "local_secondary_index": [],
          "on_demand_throughput": [],
          "point_in_time_recovery": [
            {

            }
          ],
          "replica": [],
          "server_side_encryption": [
            {

            }
          ],
          "tags": {

          },
          "tags_all": {

          },
          "ttl": [
            {

            }
          ],
          "warm_throughput": []
        }
      }
    },
    {
      "address": "module.QaPermissionConfig.aws_dynamodb_table.DynamodbTableWithoutRangeKey",
      "module_address": "module.QaPermissionConfig",
      "mode": "managed",
      "type": "aws_dynamodb_table",
      "name": "DynamodbTableWithoutRangeKey",
      "provider_name": "registry.terraform.io/hashicorp/aws",
      "change": {
        "actions": [
          "no-op"
        ],
        "before": {
          "arn": "arn:aws:dynamodb:ca-central-1:111111111111:table/canada-staging.qa.permission.config",
          "attribute": [
            {
              "name": "useCase",
              "type": "S"
            }
          ],
          "billing_mode": "PROVISIONED",
          "deletion_protection_enabled": false,
          "global_secondary_index": [],
          "hash_key": "useCase",
          "id": "canada-staging.qa.permission.config",
          "import_table": [],
          "local_secondary_index": [],
          "name": "canada-staging.qa.permission.config",
          "on_demand_throughput": [],
          "point_in_time_recovery": [
            {
              "enabled": false,
              "recovery_period_in_days": 0
            }
          ],
          "range_key": null,
          "read_capacity": 10,
          "region": "ca-central-1",
          "replica": [],
          "restore_date_time": null,
          "restore_source_name": null,
          "restore_source_table_arn": null,
          "restore_to_latest_time": null,
          "server_side_encryption": [
            {
              "enabled": true,
              "kms_key_arn": "arn:aws:kms:ca-central-1:111111111111:key/xxxxxxxx-xxxx-xxxx-xxxx-xxxxxxxxxxxx"
            }
          ],
          "stream_arn": "",
          "stream_enabled": false,
          "stream_label": "",
          "stream_view_type": "",
          "table_class": "STANDARD",
          "tags": {
            "Environment": "Stag",
            "GL-purpose": "cccccccc-qa",
            "GL-sub-purpose": "Storage",
            "InfrastructureProvider": "Terraform",
            "Name": "canada-staging.qa.permission.config",
            "Role": "cccccccc-qa",
            "functional_area": "Cloud Platform"
          },
          "tags_all": {
            "Environment": "Stag",
            "GL-purpose": "cccccccc-qa",
            "GL-sub-purpose": "Storage",
            "InfrastructureProvider": "Terraform",
            "Name": "canada-staging.qa.permission.config",
            "Role": "cccccccc-qa",
            "functional_area": "Cloud Platform"
          },
          "timeouts": null,
          "ttl": [
            {
              "attribute_name": "",
              "enabled": false
            }
          ],
          "warm_throughput": [],
          "write_capacity": 10
        },
        "after": {
          "arn": "arn:aws:dynamodb:ca-central-1:111111111111:table/canada-staging.qa.permission.config",
          "attribute": [
            {
              "name": "useCase",
              "type": "S"
            }
          ],
          "billing_mode": "PROVISIONED",
          "deletion_protection_enabled": false,
          "global_secondary_index": [],
          "hash_key": "useCase",
          "id": "canada-staging.qa.permission.config",
          "import_table": [],
          "local_secondary_index": [],
          "name": "canada-staging.qa.permission.config",
          "on_demand_throughput": [],
          "point_in_time_recovery": [
            {
              "enabled": false,
              "recovery_period_in_days": 0
            }
          ],
          "range_key": null,
          "read_capacity": 10,
          "region": "ca-central-1",
          "replica": [],
          "restore_date_time": null,
          "restore_source_name": null,
          "restore_source_table_arn": null,
          "restore_to_latest_time": null,
          "server_side_encryption": [
            {
              "enabled": true,
              "kms_key_arn": "arn:aws:kms:ca-central-1:111111111111:key/xxxxxxxx-xxxx-xxxx-xxxx-xxxxxxxxxxxx"
            }
          ],
          "stream_arn": "",
          "stream_enabled": false,
          "stream_label": "",
          "stream_view_type": "",
          "table_class": "STANDARD",
          "tags": {
            "Environment": "Stag",
            "GL-purpose": "cccccccc-qa",
            "GL-sub-purpose": "Storage",
            "InfrastructureProvider": "Terraform",
            "Name": "canada-staging.qa.permission.config",
            "Role": "cccccccc-qa",
            "functional_area": "Cloud Platform"
          },
          "tags_all": {
            "Environment": "Stag",
            "GL-purpose": "cccccccc-qa",
            "GL-sub-purpose": "Storage",
            "InfrastructureProvider": "Terraform",
            "Name": "canada-staging.qa.permission.config",
            "Role": "cccccccc-qa",
            "functional_area": "Cloud Platform"
          },
          "timeouts": null,
          "ttl": [
            {
              "attribute_name": "",
              "enabled": false
            }
          ],
          "warm_throughput": [],
          "write_capacity": 10
        },
        "after_unknown": {

        },
        "before_sensitive": {
          "attribute": [
            {

            }
          ],
          "global_secondary_index": [],
          "import_table": [],
          "local_secondary_index": [],
          "on_demand_throughput": [],
          "point_in_time_recovery": [
            {

            }
          ],
          "replica": [],
          "server_side_encryption": [
            {

            }
          ],
          "tags": {

          },
          "tags_all": {

          },
          "ttl": [
            {

            }
          ],
          "warm_throughput": []
        },
        "after_sensitive": {
          "attribute": [
            {

            }
          ],
          "global_secondary_index": [],
          "import_table": [],
          "local_secondary_index": [],
          "on_demand_throughput": [],
          "point_in_time_recovery": [
            {

            }
          ],
          "replica": [],
          "server_side_encryption": [
            {

            }
          ],
          "tags": {

          },
          "tags_all": {

          },
          "ttl": [
            {

            }
          ],
          "warm_throughput": []
        }
      }
    },
    {
      "address": "module.QaTags.aws_dynamodb_table.DynamodbTableWithoutRangeKey",
      "module_address": "module.QaTags",
      "mode": "managed",
      "type": "aws_dynamodb_table",
      "name": "DynamodbTableWithoutRangeKey",
      "provider_name": "registry.terraform.io/hashicorp/aws",
      "change": {
        "actions": [
          "no-op"
        ],
        "before": {
          "arn": "arn:aws:dynamodb:ca-central-1:111111111111:table/canada-staging.qa.tags",
          "attribute": [
            {
              "name": "stack-name",
              "type": "S"
            }
          ],
          "billing_mode": "PROVISIONED",
          "deletion_protection_enabled": false,
          "global_secondary_index": [],
          "hash_key": "stack-name",
          "id": "canada-staging.qa.tags",
          "import_table": [],
          "local_secondary_index": [],
          "name": "canada-staging.qa.tags",
          "on_demand_throughput": [],
          "point_in_time_recovery": [
            {
              "enabled": false,
              "recovery_period_in_days": 0
            }
          ],
          "range_key": null,
          "read_capacity": 10,
          "region": "ca-central-1",
          "replica": [],
          "restore_date_time": null,
          "restore_source_name": null,
          "restore_source_table_arn": null,
          "restore_to_latest_time": null,
          "server_side_encryption": [
            {
              "enabled": true,
              "kms_key_arn": "arn:aws:kms:ca-central-1:111111111111:key/xxxxxxxx-xxxx-xxxx-xxxx-xxxxxxxxxxxx"
            }
          ],
          "stream_arn": "",
          "stream_enabled": false,
          "stream_label": "",
          "stream_view_type": "",
          "table_class": "STANDARD",
          "tags": {
            "Environment": "Stag",
            "GL-purpose": "cccccccc-qa",
            "GL-sub-purpose": "Storage",
            "InfrastructureProvider": "Terraform",
            "Name": "canada-staging.qa.tags",
            "Role": "cccccccc-qa",
            "functional_area": "Cloud Platform"
          },
          "tags_all": {
            "Environment": "Stag",
            "GL-purpose": "cccccccc-qa",
            "GL-sub-purpose": "Storage",
            "InfrastructureProvider": "Terraform",
            "Name": "canada-staging.qa.tags",
            "Role": "cccccccc-qa",
            "functional_area": "Cloud Platform"
          },
          "timeouts": null,
          "ttl": [
            {
              "attribute_name": "",
              "enabled": false
            }
          ],
          "warm_throughput": [],
          "write_capacity": 10
        },
        "after": {
          "arn": "arn:aws:dynamodb:ca-central-1:111111111111:table/canada-staging.qa.tags",
          "attribute": [
            {
              "name": "stack-name",
              "type": "S"
            }
          ],
          "billing_mode": "PROVISIONED",
          "deletion_protection_enabled": false,
          "global_secondary_index": [],
          "hash_key": "stack-name",
          "id": "canada-staging.qa.tags",
          "import_table": [],
          "local_secondary_index": [],
          "name": "canada-staging.qa.tags",
          "on_demand_throughput": [],
          "point_in_time_recovery": [
            {
              "enabled": false,
              "recovery_period_in_days": 0
            }
          ],
          "range_key": null,
          "read_capacity": 10,
          "region": "ca-central-1",
          "replica": [],
          "restore_date_time": null,
          "restore_source_name": null,
          "restore_source_table_arn": null,
          "restore_to_latest_time": null,
          "server_side_encryption": [
            {
              "enabled": true,
              "kms_key_arn": "arn:aws:kms:ca-central-1:111111111111:key/xxxxxxxx-xxxx-xxxx-xxxx-xxxxxxxxxxxx"
            }
          ],
          "stream_arn": "",
          "stream_enabled": false,
          "stream_label": "",
          "stream_view_type": "",
          "table_class": "STANDARD",
          "tags": {
            "Environment": "Stag",
            "GL-purpose": "cccccccc-qa",
            "GL-sub-purpose": "Storage",
            "InfrastructureProvider": "Terraform",
            "Name": "canada-staging.qa.tags",
            "Role": "cccccccc-qa",
            "functional_area": "Cloud Platform"
          },
          "tags_all": {
            "Environment": "Stag",
            "GL-purpose": "cccccccc-qa",
            "GL-sub-purpose": "Storage",
            "InfrastructureProvider": "Terraform",
            "Name": "canada-staging.qa.tags",
            "Role": "cccccccc-qa",
            "functional_area": "Cloud Platform"
          },
          "timeouts": null,
          "ttl": [
            {
              "attribute_name": "",
              "enabled": false
            }
          ],
          "warm_throughput": [],
          "write_capacity": 10
        },
        "after_unknown": {

        },
        "before_sensitive": {
          "attribute": [
            {

            }
          ],
          "global_secondary_index": [],
          "import_table": [],
          "local_secondary_index": [],
          "on_demand_throughput": [],
          "point_in_time_recovery": [
            {

            }
          ],
          "replica": [],
          "server_side_encryption": [
            {

            }
          ],
          "tags": {

          },
          "tags_all": {

          },
          "ttl": [
            {

            }
          ],
          "warm_throughput": []
        },
        "after_sensitive": {
          "attribute": [
            {

            }
          ],
          "global_secondary_index": [],
          "import_table": [],
          "local_secondary_index": [],
          "on_demand_throughput": [],
          "point_in_time_recovery": [
            {

            }
          ],
          "replica": [],
          "server_side_encryption": [
            {

            }
          ],
          "tags": {

          },
          "tags_all": {

          },
          "ttl": [
            {

            }
          ],
          "warm_throughput": []
        }
      }
    },
    {
      "address": "module.qa_config.aws_dynamodb_table.this",
      "module_address": "module.qa_config",
      "mode": "managed",
      "type": "aws_dynamodb_table",
      "name": "this",
      "provider_name": "registry.terraform.io/hashicorp/aws",
      "change": {
        "actions": [
          "no-op"
        ],
        "before": {
          "arn": "arn:aws:dynamodb:ca-central-1:111111111111:table/canada-staging.qa.config",
          "attribute": [
            {
              "name": "PK",
              "type": "S"
            },
            {
              "name": "SK",
              "type": "S"
            }
          ],
          "billing_mode": "PROVISIONED",
          "deletion_protection_enabled": false,
          "global_secondary_index": [
            {
              "hash_key": "SK",
              "name": "SwappedHashKeyRangeKeyIndex",
              "non_key_attributes": [],
              "on_demand_throughput": [],
              "projection_type": "ALL",
              "range_key": "PK",
              "read_capacity": 5,
              "warm_throughput": [],
              "write_capacity": 1
            }
          ],
          "hash_key": "PK",
          "id": "canada-staging.qa.config",
          "import_table": [],
          "local_secondary_index": [],
          "name": "canada-staging.qa.config",
          "on_demand_throughput": [],
          "point_in_time_recovery": [
            {
              "enabled": false,
              "recovery_period_in_days": 0
            }
          ],
          "range_key": "SK",
          "read_capacity": 1,
          "region": "ca-central-1",
          "replica": [],
          "restore_date_time": null,
          "restore_source_name": null,
          "restore_source_table_arn": null,
          "restore_to_latest_time": null,
          "server_side_encryption": [
            {
              "enabled": true,
              "kms_key_arn": "arn:aws:kms:ca-central-1:111111111111:key/xxxxxxxx-xxxx-xxxx-xxxx-xxxxxxxxxxxx"
            }
          ],
          "stream_arn": "",
          "stream_enabled": false,
          "stream_label": "",
          "stream_view_type": "",
          "table_class": "STANDARD",
          "tags": {
            "Environment": "Stag",
            "GL-purpose": "Canada",
            "Name": "canada-staging.qa.config",
            "Role": "cccccccc-qa",
            "Stage": "canada-staging",
            "functional_area": "Cloud Platform"
          },
          "tags_all": {
            "Environment": "Stag",
            "GL-purpose": "Canada",
            "Name": "canada-staging.qa.config",
            "Role": "cccccccc-qa",
            "Stage": "canada-staging",
            "functional_area": "Cloud Platform"
          },
          "timeouts": null,
          "ttl": [
            {
              "attribute_name": "",
              "enabled": false
            }
          ],
          "warm_throughput": [],
          "write_capacity": 1
        },
        "after": {
          "arn": "arn:aws:dynamodb:ca-central-1:111111111111:table/canada-staging.qa.config",
          "attribute": [
            {
              "name": "PK",
              "type": "S"
            },
            {
              "name": "SK",
              "type": "S"
            }
          ],
          "billing_mode": "PROVISIONED",
          "deletion_protection_enabled": false,
          "global_secondary_index": [
            {
              "hash_key": "SK",
              "name": "SwappedHashKeyRangeKeyIndex",
              "non_key_attributes": [],
              "on_demand_throughput": [],
              "projection_type": "ALL",
              "range_key": "PK",
              "read_capacity": 5,
              "warm_throughput": [],
              "write_capacity": 1
            }
          ],
          "hash_key": "PK",
          "id": "canada-staging.qa.config",
          "import_table": [],
          "local_secondary_index": [],
          "name": "canada-staging.qa.config",
          "on_demand_throughput": [],
          "point_in_time_recovery": [
            {
              "enabled": false,
              "recovery_period_in_days": 0
            }
          ],
          "range_key": "SK",
          "read_capacity": 1,
          "region": "ca-central-1",
          "replica": [],
          "restore_date_time": null,
          "restore_source_name": null,
          "restore_source_table_arn": null,
          "restore_to_latest_time": null,
          "server_side_encryption": [
            {
              "enabled": true,
              "kms_key_arn": "arn:aws:kms:ca-central-1:111111111111:key/xxxxxxxx-xxxx-xxxx-xxxx-xxxxxxxxxxxx"
            }
          ],
          "stream_arn": "",
          "stream_enabled": false,
          "stream_label": "",
          "stream_view_type": "",
          "table_class": "STANDARD",
          "tags": {
            "Environment": "Stag",
            "GL-purpose": "Canada",
            "Name": "canada-staging.qa.config",
            "Role": "cccccccc-qa",
            "Stage": "canada-staging",
            "functional_area": "Cloud Platform"
          },
          "tags_all": {
            "Environment": "Stag",
            "GL-purpose": "Canada",
            "Name": "canada-staging.qa.config",
            "Role": "cccccccc-qa",
            "Stage": "canada-staging",
            "functional_area": "Cloud Platform"
          },
          "timeouts": null,
          "ttl": [
            {
              "attribute_name": "",
              "enabled": false
            }
          ],
          "warm_throughput": [],
          "write_capacity": 1
        },
        "after_unknown": {

        },
        "before_sensitive": {
          "attribute": [
            {

            },
            {

            }
          ],
          "global_secondary_index": [
            {
              "non_key_attributes": [],
              "on_demand_throughput": [],
              "warm_throughput": []
            }
          ],
          "import_table": [],
          "local_secondary_index": [],
          "on_demand_throughput": [],
          "point_in_time_recovery": [
            {

            }
          ],
          "replica": [],
          "server_side_encryption": [
            {

            }
          ],
          "tags": {

          },
          "tags_all": {

          },
          "ttl": [
            {

            }
          ],
          "warm_throughput": []
        },
        "after_sensitive": {
          "attribute": [
            {

            },
            {

            }
          ],
          "global_secondary_index": [
            {
              "non_key_attributes": [],
              "on_demand_throughput": [],
              "warm_throughput": []
            }
          ],
          "import_table": [],
          "local_secondary_index": [],
          "on_demand_throughput": [],
          "point_in_time_recovery": [
            {

            }
          ],
          "replica": [],
          "server_side_encryption": [
            {

            }
          ],
          "tags": {

          },
          "tags_all": {

          },
          "ttl": [
            {

            }
          ],
          "warm_throughput": []
        }
      }
    }
  ],
  "prior_state": {
    "format_version": "1.0",
    "terraform_version": "1.8.2",
    "values": {
      "root_module": {
        "resources": [
          {
            "address": "data.aws_iam_policy_document.dynamodb_resource_policy",
            "mode": "data",
            "type": "aws_iam_policy_document",
            "name": "dynamodb_resource_policy",
            "provider_name": "registry.terraform.io/hashicorp/aws",
            "schema_version": 0,
            "values": {
              "id": "1561896875",
              "json": "{\n  \"Version\": \"2012-10-17\",\n  \"Statement\": [\n    {\n      \"Effect\": \"Allow\",\n      \"Action\": \"dynamodb:*\",\n      \"Principal\": {\n        \"Service\": \"lambda.amazonaws.com\"\n      },\n      \"Condition\": {\n        \"StringEquals\": {\n          \"aws:SourceOrgID\": \"o-xxxxx0xxxx\"\n        }\n      }\n    },\n    {\n      \"Effect\": \"Allow\",\n      \"Action\": \"dynamodb:*\",\n      \"Principal\": {\n        \"AWS\": \"arn:aws:iam::111111111111:root\"\n      },\n      \"Condition\": {\n        \"StringEquals\": {\n          \"aws:PrincipalOrgID\": \"o-xxxxx0xxxx\"\n        }\n      }\n    }\n  ]\n}",
              "minified_json": "{\"Version\":\"2012-10-17\",\"Statement\":[{\"Effect\":\"Allow\",\"Action\":\"dynamodb:*\",\"Principal\":{\"Service\":\"lambda.amazonaws.com\"},\"Condition\":{\"StringEquals\":{\"aws:SourceOrgID\":\"o-xxxxx0xxxx\"}}},{\"Effect\":\"Allow\",\"Action\":\"dynamodb:*\",\"Principal\":{\"AWS\":\"arn:aws:iam::111111111111:root\"},\"Condition\":{\"StringEquals\":{\"aws:PrincipalOrgID\":\"o-xxxxx0xxxx\"}}}]}",
              "override_json": null,
              "override_policy_documents": null,
              "policy_id": null,
              "source_json": null,
              "source_policy_documents": null,
              "statement": [
                {
                  "actions": [
                    "dynamodb:*"
                  ],
                  "condition": [
                    {
                      "test": "StringEquals",
                      "values": [
                        "o-xxxxx0xxxx"
                      ],
                      "variable": "aws:SourceOrgID"
                    }
                  ],
                  "effect": "Allow",
                  "not_actions": [],
                  "not_principals": [],
                  "not_resources": [],
                  "principals": [
                    {
                      "identifiers": [
                        "lambda.amazonaws.com"
                      ],
                      "type": "Service"
                    }
                  ],
                  "resources": [],
                  "sid": ""
                },
                {
                  "actions": [
                    "dynamodb:*"
                  ],
                  "condition": [
                    {
                      "test": "StringEquals",
                      "values": [
                        "o-xxxxx0xxxx"
                      ],
                      "variable": "aws:PrincipalOrgID"
                    }
                  ],
                  "effect": "Allow",
                  "not_actions": [],
                  "not_principals": [],
                  "not_resources": [],
                  "principals": [
                    {
                      "identifiers": [
                        "arn:aws:iam::111111111111:root"
                      ],
                      "type": "AWS"
                    }
                  ],
                  "resources": [],
                  "sid": ""
                }
              ],
              "version": "2012-10-17"
            },
            "sensitive_values": {
              "statement": [
                {
                  "actions": [false],
                  "condition": [
                    {
                      "values": [false]
                    }
                  ],
                  "not_actions": [],
                  "not_principals": [],
                  "not_resources": [],
                  "principals": [
                    {
                      "identifiers": [false]
                    }
                  ],
                  "resources": []
                },
                {
                  "actions": [false],
                  "condition": [
                    {
                      "values": [false]
                    }
                  ],
                  "not_actions": [],
                  "not_principals": [],
                  "not_resources": [],
                  "principals": [
                    {
                      "identifiers": [false]
                    }
                  ],
                  "resources": []
                }
              ]
            }
          }
        ],
        "child_modules": [
          {
            "resources": [
              {
                "address": "module.QaAttributes.data.aws_kms_alias.dynamo_kms_alias",
                "mode": "data",
                "type": "aws_kms_alias",
                "name": "dynamo_kms_alias",
                "provider_name": "registry.terraform.io/hashicorp/aws",
                "schema_version": 0,
                "values": {
                  "arn": "arn:aws:kms:ca-central-1:111111111111:alias/vfn/dynamodb",
                  "id": "arn:aws:kms:ca-central-1:111111111111:alias/vfn/dynamodb",
                  "name": "alias/vfn/dynamodb",
                  "region": "ca-central-1",
                  "target_key_arn": "arn:aws:kms:ca-central-1:111111111111:key/xxxxxxx-xxxx-xxxx-xxxx-xxxxxxxxxxxx",
                  "target_key_id": "xxxxxxxx-xxxx-xxxx-xxxx-xxxxxxxxxxxx"
                },
                "sensitive_values": {

                }
              },
              {
                "address": "module.QaAttributes.aws_dynamodb_table.DynamodbTableWithoutRangeKey",
                "mode": "managed",
                "type": "aws_dynamodb_table",
                "name": "DynamodbTableWithoutRangeKey",
                "provider_name": "registry.terraform.io/hashicorp/aws",
                "schema_version": 1,
                "values": {
                  "arn": "arn:aws:dynamodb:ca-central-1:111111111111:table/canada-staging.qa.attributes",
                  "attribute": [
                    {
                      "name": "instance-id",
                      "type": "S"
                    }
                  ],
                  "billing_mode": "PROVISIONED",
                  "deletion_protection_enabled": false,
                  "global_secondary_index": [],
                  "hash_key": "instance-id",
                  "id": "canada-staging.qa.attributes",
                  "import_table": [],
                  "local_secondary_index": [],
                  "name": "canada-staging.qa.attributes",
                  "on_demand_throughput": [],
                  "point_in_time_recovery": [
                    {
                      "enabled": true,
                      "recovery_period_in_days": 35
                    }
                  ],
                  "range_key": null,
                  "read_capacity": 10,
                  "region": "ca-central-1",
                  "replica": [],
                  "restore_date_time": null,
                  "restore_source_name": null,
                  "restore_source_table_arn": null,
                  "restore_to_latest_time": null,
                  "server_side_encryption": [
                    {
                      "enabled": true,
                      "kms_key_arn": "arn:aws:kms:ca-central-1:111111111111:key/xxxxxxxx-xxxx-xxxx-xxxx-xxxxxxxxxxxx"
                    }
                  ],
                  "stream_arn": "",
                  "stream_enabled": false,
                  "stream_label": "",
                  "stream_view_type": "",
                  "table_class": "STANDARD",
                  "tags": {
                    "Environment": "Stag",
                    "GL-purpose": "cccccccc-qa",
                    "GL-sub-purpose": "Storage",
                    "InfrastructureProvider": "Terraform",
                    "Name": "canada-staging.qa.attributes",
                    "Role": "cccccccc-qa",
                    "functional_area": "Cloud Platform"
                  },
                  "tags_all": {
                    "Environment": "Stag",
                    "GL-purpose": "cccccccc-qa",
                    "GL-sub-purpose": "Storage",
                    "InfrastructureProvider": "Terraform",
                    "Name": "canada-staging.qa.attributes",
                    "Role": "cccccccc-qa",
                    "functional_area": "Cloud Platform"
                  },
                  "timeouts": null,
                  "ttl": [
                    {
                      "attribute_name": "",
                      "enabled": false
                    }
                  ],
                  "warm_throughput": [],
                  "write_capacity": 10
                },
                "sensitive_values": {
                  "attribute": [
                    {

                    }
                  ],
                  "global_secondary_index": [],
                  "import_table": [],
                  "local_secondary_index": [],
                  "on_demand_throughput": [],
                  "point_in_time_recovery": [
                    {

                    }
                  ],
                  "replica": [],
                  "server_side_encryption": [
                    {

                    }
                  ],
                  "tags": {

                  },
                  "tags_all": {

                  },
                  "ttl": [
                    {

                    }
                  ],
                  "warm_throughput": []
                },
                "depends_on": [
                  "module.QaAttributes.data.aws_kms_alias.dynamo_kms_alias",
                  "module.global_environment_variables.data.env_variable.cicd_assume_role_name",
                  "module.templates.data.aws_region.current"
                ]
              }
            ],
            "address": "module.QaAttributes"
          },
          {
            "resources": [
              {
                "address": "module.QaPermissionConfig.data.aws_kms_alias.dynamo_kms_alias",
                "mode": "data",
                "type": "aws_kms_alias",
                "name": "dynamo_kms_alias",
                "provider_name": "registry.terraform.io/hashicorp/aws",
                "schema_version": 0,
                "values": {
                  "arn": "arn:aws:kms:ca-central-1:111111111111:alias/vfn/dynamodb",
                  "id": "arn:aws:kms:ca-central-1:111111111111:alias/vfn/dynamodb",
                  "name": "alias/vfn/dynamodb",
                  "region": "ca-central-1",
                  "target_key_arn": "arn:aws:kms:ca-central-1:111111111111:key/xxxxxxxx-xxxx-xxxx-xxxx-xxxxxxxxxxxx",
                  "target_key_id": "xxxxxxxx-xxxx-xxxx-xxxx-xxxxxxxxxxxx"
                },
                "sensitive_values": {

                }
              },
              {
                "address": "module.QaPermissionConfig.aws_dynamodb_table.DynamodbTableWithoutRangeKey",
                "mode": "managed",
                "type": "aws_dynamodb_table",
                "name": "DynamodbTableWithoutRangeKey",
                "provider_name": "registry.terraform.io/hashicorp/aws",
                "schema_version": 1,
                "values": {
                  "arn": "arn:aws:dynamodb:ca-central-1:111111111111:table/canada-staging.qa.permission.config",
                  "attribute": [
                    {
                      "name": "useCase",
                      "type": "S"
                    }
                  ],
                  "billing_mode": "PROVISIONED",
                  "deletion_protection_enabled": false,
                  "global_secondary_index": [],
                  "hash_key": "useCase",
                  "id": "canada-staging.qa.permission.config",
                  "import_table": [],
                  "local_secondary_index": [],
                  "name": "canada-staging.qa.permission.config",
                  "on_demand_throughput": [],
                  "point_in_time_recovery": [
                    {
                      "enabled": false,
                      "recovery_period_in_days": 0
                    }
                  ],
                  "range_key": null,
                  "read_capacity": 10,
                  "region": "ca-central-1",
                  "replica": [],
                  "restore_date_time": null,
                  "restore_source_name": null,
                  "restore_source_table_arn": null,
                  "restore_to_latest_time": null,
                  "server_side_encryption": [
                    {
                      "enabled": true,
                      "kms_key_arn": "arn:aws:kms:ca-central-1:111111111111:key/xxxxxxxx-xxxx-xxxx-xxxx-xxxxxxxxxxxx"
                    }
                  ],
                  "stream_arn": "",
                  "stream_enabled": false,
                  "stream_label": "",
                  "stream_view_type": "",
                  "table_class": "STANDARD",
                  "tags": {
                    "Environment": "Stag",
                    "GL-purpose": "cccccccc-qa",
                    "GL-sub-purpose": "Storage",
                    "InfrastructureProvider": "Terraform",
                    "Name": "canada-staging.qa.permission.config",
                    "Role": "cccccccc-qa",
                    "functional_area": "Cloud Platform"
                  },
                  "tags_all": {
                    "Environment": "Stag",
                    "GL-purpose": "cccccccc-qa",
                    "GL-sub-purpose": "Storage",
                    "InfrastructureProvider": "Terraform",
                    "Name": "canada-staging.qa.permission.config",
                    "Role": "cccccccc-qa",
                    "functional_area": "Cloud Platform"
                  },
                  "timeouts": null,
                  "ttl": [
                    {
                      "attribute_name": "",
                      "enabled": false
                    }
                  ],
                  "warm_throughput": [],
                  "write_capacity": 10
                },
                "sensitive_values": {
                  "attribute": [
                    {

                    }
                  ],
                  "global_secondary_index": [],
                  "import_table": [],
                  "local_secondary_index": [],
                  "on_demand_throughput": [],
                  "point_in_time_recovery": [
                    {

                    }
                  ],
                  "replica": [],
                  "server_side_encryption": [
                    {

                    }
                  ],
                  "tags": {

                  },
                  "tags_all": {

                  },
                  "ttl": [
                    {

                    }
                  ],
                  "warm_throughput": []
                },
                "depends_on": [
                  "module.QaPermissionConfig.data.aws_kms_alias.dynamo_kms_alias",
                  "module.global_environment_variables.data.env_variable.cicd_assume_role_name"
                ]
              }
            ],
            "address": "module.QaPermissionConfig"
          },
          {
            "resources": [
              {
                "address": "module.QaTags.data.aws_kms_alias.dynamo_kms_alias",
                "mode": "data",
                "type": "aws_kms_alias",
                "name": "dynamo_kms_alias",
                "provider_name": "registry.terraform.io/hashicorp/aws",
                "schema_version": 0,
                "values": {
                  "arn": "arn:aws:kms:ca-central-1:111111111111:alias/vfn/dynamodb",
                  "id": "arn:aws:kms:ca-central-1:111111111111:alias/vfn/dynamodb",
                  "name": "alias/vfn/dynamodb",
                  "region": "ca-central-1",
                  "target_key_arn": "arn:aws:kms:ca-central-1:111111111111:key/xxxxxxxx-xxxx-xxxx-xxxx-xxxxxxxxxxxx",
                  "target_key_id": "xxxxxxxx-xxxx-xxxx-xxxx-xxxxxxxxxxxx"
                },
                "sensitive_values": {

                }
              },
              {
                "address": "module.QaTags.aws_dynamodb_table.DynamodbTableWithoutRangeKey",
                "mode": "managed",
                "type": "aws_dynamodb_table",
                "name": "DynamodbTableWithoutRangeKey",
                "provider_name": "registry.terraform.io/hashicorp/aws",
                "schema_version": 1,
                "values": {
                  "arn": "arn:aws:dynamodb:ca-central-1:111111111111:table/canada-staging.qa.tags",
                  "attribute": [
                    {
                      "name": "stack-name",
                      "type": "S"
                    }
                  ],
                  "billing_mode": "PROVISIONED",
                  "deletion_protection_enabled": false,
                  "global_secondary_index": [],
                  "hash_key": "stack-name",
                  "id": "canada-staging.qa.tags",
                  "import_table": [],
                  "local_secondary_index": [],
                  "name": "canada-staging.qa.tags",
                  "on_demand_throughput": [],
                  "point_in_time_recovery": [
                    {
                      "enabled": false,
                      "recovery_period_in_days": 0
                    }
                  ],
                  "range_key": null,
                  "read_capacity": 10,
                  "region": "ca-central-1",
                  "replica": [],
                  "restore_date_time": null,
                  "restore_source_name": null,
                  "restore_source_table_arn": null,
                  "restore_to_latest_time": null,
                  "server_side_encryption": [
                    {
                      "enabled": true,
                      "kms_key_arn": "arn:aws:kms:ca-central-1:111111111111:key/xxxxxxxx-xxxx-xxxx-xxxx-xxxxxxxxxxxx"
                    }
                  ],
                  "stream_arn": "",
                  "stream_enabled": false,
                  "stream_label": "",
                  "stream_view_type": "",
                  "table_class": "STANDARD",
                  "tags": {
                    "Environment": "Stag",
                    "GL-purpose": "cccccccc-qa",
                    "GL-sub-purpose": "Storage",
                    "InfrastructureProvider": "Terraform",
                    "Name": "canada-staging.qa.tags",
                    "Role": "cccccccc-qa",
                    "functional_area": "Cloud Platform"
                  },
                  "tags_all": {
                    "Environment": "Stag",
                    "GL-purpose": "cccccccc-qa",
                    "GL-sub-purpose": "Storage",
                    "InfrastructureProvider": "Terraform",
                    "Name": "canada-staging.qa.tags",
                    "Role": "cccccccc-qa",
                    "functional_area": "Cloud Platform"
                  },
                  "timeouts": null,
                  "ttl": [
                    {
                      "attribute_name": "",
                      "enabled": false
                    }
                  ],
                  "warm_throughput": [],
                  "write_capacity": 10
                },
                "sensitive_values": {
                  "attribute": [
                    {

                    }
                  ],
                  "global_secondary_index": [],
                  "import_table": [],
                  "local_secondary_index": [],
                  "on_demand_throughput": [],
                  "point_in_time_recovery": [
                    {

                    }
                  ],
                  "replica": [],
                  "server_side_encryption": [
                    {

                    }
                  ],
                  "tags": {

                  },
                  "tags_all": {

                  },
                  "ttl": [
                    {

                    }
                  ],
                  "warm_throughput": []
                },
                "depends_on": [
                  "module.QaTags.data.aws_kms_alias.dynamo_kms_alias",
                  "module.global_environment_variables.data.env_variable.cicd_assume_role_name",
                  "module.templates.data.aws_region.current"
                ]
              }
            ],
            "address": "module.QaTags"
          },
          {
            "resources": [
            ],
            "address": "module.env_vars"
          },
          {
            "resources": [
              {
                "address": "module.global_environment_variables.data.env_variable.cicd_assume_role_name",
                "mode": "data",
                "type": "env_variable",
                "name": "cicd_assume_role_name",
                "provider_name": "registry.terraform.io/tchupp/env",
                "schema_version": 0,
                "values": {
                  "id": "DEPLOYER_ROLE_NAME",
                  "name": "DEPLOYER_ROLE_NAME",
                  "value": "terraform-planner"
                },
                "sensitive_values": {
                  "value": true
                }
              },
              {
                "address": "module.global_environment_variables.data.env_variable.cicd_change_id",
                "mode": "data",
                "type": "env_variable",
                "name": "cicd_change_id",
                "provider_name": "registry.terraform.io/tchupp/env",
                "schema_version": 0,
                "values": {
                  "id": "TERRAFORM_AUDIT_CHANGE_ID",
                  "name": "TERRAFORM_AUDIT_CHANGE_ID",
                  "value": "PR-37817"
                },
                "sensitive_values": {
                  "value": true
                }
              },
              {
                "address": "module.global_environment_variables.data.env_variable.cicd_repo_name",
                "mode": "data",
                "type": "env_variable",
                "name": "cicd_repo_name",
                "provider_name": "registry.terraform.io/tchupp/env",
                "schema_version": 0,
                "values": {
                  "id": "TERRAFORM_AUDIT_REPO_NAME",
                  "name": "TERRAFORM_AUDIT_REPO_NAME",
                  "value": "Veraformers-Prod"
                },
                "sensitive_values": {
                  "value": true
                }
              }
            ],
            "address": "module.global_environment_variables"
          },
          {
            "resources": [
              {
                "address": "module.qa_config.data.aws_kms_key.default_dynamo",
                "mode": "data",
                "type": "aws_kms_key",
                "name": "default_dynamo",
                "provider_name": "registry.terraform.io/hashicorp/aws",
                "schema_version": 0,
                "values": {
                  "arn": "arn:aws:kms:ca-central-1:111111111111:key/xxxxxxxx-xxxx-xxxx-xxxx-xxxxxxxxxxxx",
                  "aws_account_id": "111111111111",
                  "cloud_hsm_cluster_id": "",
                  "creation_date": "2021-03-12T20:26:21Z",
                  "custom_key_store_id": "",
                  "customer_master_key_spec": "SYMMETRIC_DEFAULT",
                  "deletion_date": null,
                  "description": "",
                  "enabled": true,
                  "expiration_model": "",
                  "grant_tokens": null,
                  "id": "xxxxxxxx-xxxx-xxxx-xxxx-xxxxxxxxxxxx",
                  "key_id": "alias/vfn/dynamodb",
                  "key_manager": "CUSTOMER",
                  "key_spec": "SYMMETRIC_DEFAULT",
                  "key_state": "Enabled",
                  "key_usage": "ENCRYPT_DECRYPT",
                  "multi_region": false,
                  "multi_region_configuration": [],
                  "origin": "AWS_KMS",
                  "pending_deletion_window_in_days": 0,
                  "region": "ca-central-1",
                  "valid_to": null,
                  "xks_key_configuration": []
                },
                "sensitive_values": {
                  "multi_region_configuration": [],
                  "xks_key_configuration": []
                }
              },
              {
                "address": "module.qa_config.aws_dynamodb_table.this",
                "mode": "managed",
                "type": "aws_dynamodb_table",
                "name": "this",
                "provider_name": "registry.terraform.io/hashicorp/aws",
                "schema_version": 1,
                "values": {
                  "arn": "arn:aws:dynamodb:ca-central-1:111111111111:table/canada-staging.qa.config",
                  "attribute": [
                    {
                      "name": "PK",
                      "type": "S"
                    },
                    {
                      "name": "SK",
                      "type": "S"
                    }
                  ],
                  "billing_mode": "PROVISIONED",
                  "deletion_protection_enabled": false,
                  "global_secondary_index": [
                    {
                      "hash_key": "SK",
                      "name": "SwappedHashKeyRangeKeyIndex",
                      "non_key_attributes": [],
                      "on_demand_throughput": [],
                      "projection_type": "ALL",
                      "range_key": "PK",
                      "read_capacity": 5,
                      "warm_throughput": [],
                      "write_capacity": 1
                    }
                  ],
                  "hash_key": "PK",
                  "id": "canada-staging.qa.config",
                  "import_table": [],
                  "local_secondary_index": [],
                  "name": "canada-staging.qa.config",
                  "on_demand_throughput": [],
                  "point_in_time_recovery": [
                    {
                      "enabled": false,
                      "recovery_period_in_days": 0
                    }
                  ],
                  "range_key": "SK",
                  "read_capacity": 1,
                  "region": "ca-central-1",
                  "replica": [],
                  "restore_date_time": null,
                  "restore_source_name": null,
                  "restore_source_table_arn": null,
                  "restore_to_latest_time": null,
                  "server_side_encryption": [
                    {
                      "enabled": true,
                      "kms_key_arn": "arn:aws:kms:ca-central-1:111111111111:key/xxxxxxxx-xxxx-xxxx-xxxx-xxxxxxxxxxxx"
                    }
                  ],
                  "stream_arn": "",
                  "stream_enabled": false,
                  "stream_label": "",
                  "stream_view_type": "",
                  "table_class": "STANDARD",
                  "tags": {
                    "Environment": "Stag",
                    "GL-purpose": "Canada",
                    "Name": "canada-staging.qa.config",
                    "Role": "cccccccc-qa",
                    "Stage": "canada-staging",
                    "functional_area": "Cloud Platform"
                  },
                  "tags_all": {
                    "Environment": "Stag",
                    "GL-purpose": "Canada",
                    "Name": "canada-staging.qa.config",
                    "Role": "cccccccc-qa",
                    "Stage": "canada-staging",
                    "functional_area": "Cloud Platform"
                  },
                  "timeouts": null,
                  "ttl": [
                    {
                      "attribute_name": "",
                      "enabled": false
                    }
                  ],
                  "warm_throughput": [],
                  "write_capacity": 1
                },
                "sensitive_values": {
                  "attribute": [
                    {

                    },
                    {

                    }
                  ],
                  "global_secondary_index": [
                    {
                      "non_key_attributes": [],
                      "on_demand_throughput": [],
                      "warm_throughput": []
                    }
                  ],
                  "import_table": [],
                  "local_secondary_index": [],
                  "on_demand_throughput": [],
                  "point_in_time_recovery": [
                    {

                    }
                  ],
                  "replica": [],
                  "server_side_encryption": [
                    {

                    }
                  ],
                  "tags": {

                  },
                  "tags_all": {

                  },
                  "ttl": [
                    {

                    }
                  ],
                  "warm_throughput": []
                },
                "depends_on": [
                  "module.global_environment_variables.data.env_variable.cicd_assume_role_name",
                  "module.qa_config.data.aws_kms_key.default_dynamo"
                ]
              }
            ],
            "address": "module.qa_config",
            "child_modules": [
              {
                "resources": [
                  {
                    "address": "module.qa_config.module.resource_policy.data.aws_caller_identity.current",
                    "mode": "data",
                    "type": "aws_caller_identity",
                    "name": "current",
                    "provider_name": "registry.terraform.io/hashicorp/aws",
                    "schema_version": 0,
                    "values": {
                      "account_id": "111111111111",
                      "arn": "arn:aws:sts::111111111111:assumed-role/terraform-planner/aws-go-sdk-1760446626887997270",
                      "id": "111111111111",
                      "user_id": "AROAZNENIHNVLT4QCHH6L:aws-go-sdk-1760446626887997270"
                    },
                    "sensitive_values": {

                    }
                  },
                  {
                    "address": "module.qa_config.module.resource_policy.data.aws_iam_policy_document.replica_resource_policy[0]",
                    "mode": "data",
                    "type": "aws_iam_policy_document",
                    "name": "replica_resource_policy",
                    "index": 0,
                    "provider_name": "registry.terraform.io/hashicorp/aws",
                    "schema_version": 0,
                    "values": {
                      "id": "2250096228",
                      "json": "{\n  \"Version\": \"2012-10-17\",\n  \"Statement\": [\n    {\n      \"Sid\": \"AdminPermissions\",\n      \"Effect\": \"Allow\",\n      \"Action\": \"dynamodb:*\",\n      \"Resource\": \"arn:aws:dynamodb:ca-central-1:111111111111:table/canada-staging.qa.config\",\n      \"Principal\": {\n        \"AWS\": \"arn:aws:iam::111111111111:root\"\n      }\n    }\n  ]\n}",
                      "minified_json": "{\"Version\":\"2012-10-17\",\"Statement\":[{\"Sid\":\"AdminPermissions\",\"Effect\":\"Allow\",\"Action\":\"dynamodb:*\",\"Resource\":\"arn:aws:dynamodb:ca-central-1:111111111111:table/canada-staging.qa.config\",\"Principal\":{\"AWS\":\"arn:aws:iam::111111111111:root\"}}]}",
                      "override_json": null,
                      "override_policy_documents": null,
                      "policy_id": null,
                      "source_json": null,
                      "source_policy_documents": null,
                      "statement": [
                        {
                          "actions": [
                            "dynamodb:*"
                          ],
                          "condition": [],
                          "effect": "Allow",
                          "not_actions": [],
                          "not_principals": [],
                          "not_resources": [],
                          "principals": [
                            {
                              "identifiers": [
                                "arn:aws:iam::111111111111:root"
                              ],
                              "type": "AWS"
                            }
                          ],
                          "resources": [
                            "arn:aws:dynamodb:ca-central-1:111111111111:table/canada-staging.qa.config"
                          ],
                          "sid": "AdminPermissions"
                        }
                      ],
                      "version": "2012-10-17"
                    },
                    "sensitive_values": {
                      "statement": [
                        {
                          "actions": [false],
                          "condition": [],
                          "not_actions": [],
                          "not_principals": [],
                          "not_resources": [],
                          "principals": [
                            {
                              "identifiers": [false]
                            }
                          ],
                          "resources": [false]
                        }
                      ]
                    }
                  }
                ],
                "address": "module.qa_config.module.resource_policy"
              }
            ]
          },
          {
            "resources": [
              {
                "address": "module.templates.data.aws_availability_zones.available",
                "mode": "data",
                "type": "aws_availability_zones",
                "name": "available",
                "provider_name": "registry.terraform.io/hashicorp/aws",
                "schema_version": 0,
                "values": {
                  "all_availability_zones": null,
                  "exclude_names": null,
                  "exclude_zone_ids": null,
                  "filter": null,
                  "group_names": [
                    "ca-central-1-zg-1"
                  ],
                  "id": "ca-central-1",
                  "names": [
                    "ca-central-1a",
                    "ca-central-1b",
                    "ca-central-1d"
                  ],
                  "region": "ca-central-1",
                  "state": null,
                  "timeouts": null,
                  "zone_ids": [
                    "cac1-az1",
                    "cac1-az2",
                    "cac1-az4"
                  ]
                },
                "sensitive_values": {
                  "group_names": [false],
                  "names": [false, false, false],
                  "zone_ids": [false, false, false]
                }
              },
              {
                "address": "module.templates.data.aws_caller_identity.current",
                "mode": "data",
                "type": "aws_caller_identity",
                "name": "current",
                "provider_name": "registry.terraform.io/hashicorp/aws",
                "schema_version": 0,
                "values": {
                  "account_id": "111111111111",
                  "arn": "arn:aws:sts::111111111111:assumed-role/terraform-planner/aws-go-sdk-1760446626887997270",
                  "id": "111111111111",
                  "user_id": "AROAZNENIHNVLT4QCHH6L:aws-go-sdk-1760446626887997270"
                },
                "sensitive_values": {

                }
              },
              {
                "address": "module.templates.data.aws_region.current",
                "mode": "data",
                "type": "aws_region",
                "name": "current",
                "provider_name": "registry.terraform.io/hashicorp/aws",
                "schema_version": 0,
                "values": {
                  "description": "Canada (Central)",
                  "endpoint": "ec2.ca-central-1.amazonaws.com",
                  "id": "ca-central-1",
                  "name": "ca-central-1",
                  "region": "ca-central-1"
                },
                "sensitive_values": {

                }
              }
            ],
            "address": "module.templates"
          }
        ]
      }
    }
  },
  "configuration": {
    "provider_config": {
    },
    "root_module": {
      "resources": [
        {
          "address": "aws_dynamodb_resource_policy.attach_to_qa_config",
          "mode": "managed",
          "type": "aws_dynamodb_resource_policy",
          "name": "attach_to_qa_config",
          "provider_config_key": "aws",
          "expressions": {
            "policy": {
              "references": [
                "data.aws_iam_policy_document.dynamodb_resource_policy.json",
                "data.aws_iam_policy_document.dynamodb_resource_policy"
              ]
            },
            "resource_arn": {
              "references": [
                "module.qa_config.table_arn",
                "module.qa_config"
              ]
            }
          },
          "schema_version": 0
        },
        {
          "address": "aws_dynamodb_resource_policy.attach_to_qaattributes",
          "mode": "managed",
          "type": "aws_dynamodb_resource_policy",
          "name": "attach_to_qaattributes",
          "provider_config_key": "aws",
          "expressions": {
            "policy": {
              "references": [
                "data.aws_iam_policy_document.dynamodb_resource_policy.json",
                "data.aws_iam_policy_document.dynamodb_resource_policy"
              ]
            },
            "resource_arn": {
              "references": [
                "module.QaAttributes.table_arn",
                "module.QaAttributes"
              ]
            }
          },
          "schema_version": 0
        },
        {
          "address": "aws_dynamodb_resource_policy.attach_to_qatags",
          "mode": "managed",
          "type": "aws_dynamodb_resource_policy",
          "name": "attach_to_qatags",
          "provider_config_key": "aws",
          "expressions": {
            "policy": {
              "references": [
                "data.aws_iam_policy_document.dynamodb_resource_policy.json",
                "data.aws_iam_policy_document.dynamodb_resource_policy"
              ]
            },
            "resource_arn": {
              "references": [
                "module.QaTags.table_arn",
                "module.QaTags"
              ]
            }
          },
          "schema_version": 0
        },
        {
          "address": "data.aws_iam_policy_document.dynamodb_resource_policy",
          "mode": "data",
          "type": "aws_iam_policy_document",
          "name": "dynamodb_resource_policy",
          "provider_config_key": "aws",
          "expressions": {
            "statement": [
              {
                "actions": {
                  "constant_value": [
                    "dynamodb:*"
                  ]
                },
                "condition": [
                  {
                    "test": {
                      "constant_value": "StringEquals"
                    },
                    "values": {
                      "references": [
                        "data.aws_organizations_organization.current.id",
                        "data.aws_organizations_organization.current"
                      ]
                    },
                    "variable": {
                      "constant_value": "aws:SourceOrgID"
                    }
                  }
                ],
                "effect": {
                  "constant_value": "Allow"
                },
                "principals": [
                  {
                    "identifiers": {
                      "constant_value": [
                        "lambda.amazonaws.com"
                      ]
                    },
                    "type": {
                      "constant_value": "Service"
                    }
                  }
                ]
              },
              {
                "actions": {
                  "constant_value": [
                    "dynamodb:*"
                  ]
                },
                "condition": [
                  {
                    "test": {
                      "constant_value": "StringEquals"
                    },
                    "values": {
                      "references": [
                        "data.aws_organizations_organization.current.id",
                        "data.aws_organizations_organization.current"
                      ]
                    },
                    "variable": {
                      "constant_value": "aws:PrincipalOrgID"
                    }
                  }
                ],
                "effect": {
                  "constant_value": "Allow"
                },
                "principals": [
                  {
                    "identifiers": {
                      "constant_value": [
                        "arn:aws:iam::111111111111:root"
                      ]
                    },
                    "type": {
                      "constant_value": "AWS"
                    }
                  }
                ]
              }
            ]
          },
          "schema_version": 0
        },
        {
          "address": "data.aws_organizations_organization.current",
          "mode": "data",
          "type": "aws_organizations_organization",
          "name": "current",
          "provider_config_key": "aws",
          "schema_version": 0
        },
        {
          "address": "data.aws_sqs_queue.qa_office_alb",
          "mode": "data",
          "type": "aws_sqs_queue",
          "name": "qa_office_alb",
          "provider_config_key": "aws",
          "expressions": {
            "name": {
              "references": [
                "module.templates.sqs_queue_qa_office_alb",
                "module.templates"
              ]
            }
          },
          "schema_version": 0
        }
      ]
    }
  },
  "relevant_attributes": [
  ],
  "checks": [
  ],
  "timestamp": "2025-10-14T12:57:04Z",
  "applyable": true,
  "complete": true,
  "errored": false
}
